
Microsoft Visual Studio Solution File, Format Version 12.00
# Visual Studio 15
VisualStudioVersion = 15.0.27703.2042
MinimumVisualStudioVersion = 10.0.40219.1
Project("{FAE04EC0-301F-11D3-BF4B-00C04F79EFBC}") = "StoryTime.WebMVC", "StoryTime.WebMVC\StoryTime.WebMVC.csproj", "{0ACC6603-42AE-4663-8E8F-E17CAE7435EC}"
EndProject
Global
	GlobalSection(SolutionConfigurationPlatforms) = preSolution
		Debug|Any CPU = Debug|Any CPU
		Release|Any CPU = Release|Any CPU
	EndGlobalSection
	GlobalSection(ProjectConfigurationPlatforms) = postSolution
		{0ACC6603-42AE-4663-8E8F-E17CAE7435EC}.Debug|Any CPU.ActiveCfg = Debug|Any CPU
		{0ACC6603-42AE-4663-8E8F-E17CAE7435EC}.Debug|Any CPU.Build.0 = Debug|Any CPU
		{0ACC6603-42AE-4663-8E8F-E17CAE7435EC}.Release|Any CPU.ActiveCfg = Release|Any CPU
		{0ACC6603-42AE-4663-8E8F-E17CAE7435EC}.Release|Any CPU.Build.0 = Release|Any CPU
	EndGlobalSection
	GlobalSection(SolutionProperties) = preSolution
		HideSolutionNode = FALSE
	EndGlobalSection
	GlobalSection(ExtensibilityGlobals) = postSolution
		SolutionGuid = {F5894148-BF85-49D3-A83C-DCF52C7149A6}
	EndGlobalSection
EndGlobal
